
Microsoft Visual Studio Solution File, Format Version 12.00
# Visual Studio 14
VisualStudioVersion = 14.0.25420.1
MinimumVisualStudioVersion = 10.0.40219.1
Project("{FAE04EC0-301F-11D3-BF4B-00C04F79EFBC}") = "NavajaValirya", "NavajaValirya\NavajaValirya.csproj", "{66EE822B-1633-4837-BEC8-6ABF3FC1067B}"
EndProject
Project("{7CF6DF6D-3B04-46F8-A40B-537D21BCA0B4}") = "NavajaValiryaDocumentacion", "NavajaValiryaDocumentacion\NavajaValiryaDocumentacion.shfbproj", "{9651F862-CE11-4047-8C0A-B2D44386003D}"
EndProject
Project("{FAE04EC0-301F-11D3-BF4B-00C04F79EFBC}") = "PruebasUnitariasNavajaValirya", "PruebasUnitariasNavajaValirya\PruebasUnitariasNavajaValirya.csproj", "{722B879C-650E-4B8B-9DCC-D5E2A7030BA4}"
EndProject
Global
	GlobalSection(SolutionConfigurationPlatforms) = preSolution
		Debug|Any CPU = Debug|Any CPU
		Release|Any CPU = Release|Any CPU
	EndGlobalSection
	GlobalSection(ProjectConfigurationPlatforms) = postSolution
		{66EE822B-1633-4837-BEC8-6ABF3FC1067B}.Debug|Any CPU.ActiveCfg = Debug|Any CPU
		{66EE822B-1633-4837-BEC8-6ABF3FC1067B}.Debug|Any CPU.Build.0 = Debug|Any CPU
		{66EE822B-1633-4837-BEC8-6ABF3FC1067B}.Release|Any CPU.ActiveCfg = Release|Any CPU
		{66EE822B-1633-4837-BEC8-6ABF3FC1067B}.Release|Any CPU.Build.0 = Release|Any CPU
		{9651F862-CE11-4047-8C0A-B2D44386003D}.Debug|Any CPU.ActiveCfg = Debug|Any CPU
		{9651F862-CE11-4047-8C0A-B2D44386003D}.Debug|Any CPU.Build.0 = Debug|Any CPU
		{9651F862-CE11-4047-8C0A-B2D44386003D}.Release|Any CPU.ActiveCfg = Release|Any CPU
		{9651F862-CE11-4047-8C0A-B2D44386003D}.Release|Any CPU.Build.0 = Release|Any CPU
		{722B879C-650E-4B8B-9DCC-D5E2A7030BA4}.Debug|Any CPU.ActiveCfg = Debug|Any CPU
		{722B879C-650E-4B8B-9DCC-D5E2A7030BA4}.Debug|Any CPU.Build.0 = Debug|Any CPU
		{722B879C-650E-4B8B-9DCC-D5E2A7030BA4}.Release|Any CPU.ActiveCfg = Release|Any CPU
		{722B879C-650E-4B8B-9DCC-D5E2A7030BA4}.Release|Any CPU.Build.0 = Release|Any CPU
	EndGlobalSection
	GlobalSection(SolutionProperties) = preSolution
		HideSolutionNode = FALSE
	EndGlobalSection
EndGlobal
